
Microsoft Visual Studio Solution File, Format Version 12.00
# Visual Studio 2013
VisualStudioVersion = 12.0.31101.0
MinimumVisualStudioVersion = 10.0.40219.1
Project("{FAE04EC0-301F-11D3-BF4B-00C04F79EFBC}") = "HolidayShow.Data", "HolidayShow.Data\HolidayShow.Data.csproj", "{9E26D44B-5773-438D-A095-B88F776500F5}"
EndProject
Project("{FAE04EC0-301F-11D3-BF4B-00C04F79EFBC}") = "HolidayShowEndpoint", "HolidayShowEndpoint\HolidayShowEndpoint.csproj", "{7ACCDD27-9262-4735-88C1-E0FDC0AC86BC}"
EndProject
Project("{FAE04EC0-301F-11D3-BF4B-00C04F79EFBC}") = "HolidayShowServer", "HolidayShowServer\HolidayShowServer.csproj", "{2415E652-7D23-4CD0-AAD0-42B3C98A5CF4}"
EndProject
Project("{FAE04EC0-301F-11D3-BF4B-00C04F79EFBC}") = "HolidayShowLib", "HolidayShowLib\HolidayShowLib.csproj", "{4AA0240A-DE5B-4E92-91B7-C9A74251627E}"
EndProject
Project("{FAE04EC0-301F-11D3-BF4B-00C04F79EFBC}") = "HolidayShowEditor", "HolidayShowEditor\HolidayShowEditor.csproj", "{3317302D-A243-4B17-91FB-FC6EA444F1A1}"
EndProject
Project("{8BC9CEB8-8B4A-11D0-8D11-00A0C91BC942}") = "HolidayShowEndpointNative", "HolidayShowEndpointNative\HolidayShowEndpointNative.vcxproj", "{CDABF6A3-1634-4CEC-B5F9-178B0DD0826E}"
	ProjectSection(ProjectDependencies) = postProject
		{96E4FA21-E710-46A1-8BBA-559B83547462} = {96E4FA21-E710-46A1-8BBA-559B83547462}
		{31A590DF-BADD-4F1D-8B6C-B90CAFFA74DD} = {31A590DF-BADD-4F1D-8B6C-B90CAFFA74DD}
	EndProjectSection
EndProject
Project("{8BC9CEB8-8B4A-11D0-8D11-00A0C91BC942}") = "HolidayShowLibNative", "HolidayShowLibNative\HolidayShowLibNative.vcxproj", "{96E4FA21-E710-46A1-8BBA-559B83547462}"
EndProject
Project("{8BC9CEB8-8B4A-11D0-8D11-00A0C91BC942}") = "Sockets", "Sockets-2.3.9.9\Project\Sockets.vcxproj", "{31A590DF-BADD-4F1D-8B6C-B90CAFFA74DD}"
EndProject
Project("{8BC9CEB8-8B4A-11D0-8D11-00A0C91BC942}") = "SocketsLinux", "Sockets-2.3.9.9\SocketsLinux.vcxproj", "{C43116AE-CDDE-4DD4-8E4F-AC2FFEE71C2C}"
EndProject
Project("{8BC9CEB8-8B4A-11D0-8D11-00A0C91BC942}") = "HolidayShowLibNativeLinux", "HolidayShowLibNative\HolidayShowLibNativeLinux.vcxproj", "{58DEF5BE-9AB4-4417-8DF9-7A1EA06A7932}"
EndProject
Project("{8BC9CEB8-8B4A-11D0-8D11-00A0C91BC942}") = "HolidayShowEndpointNativeLinux", "HolidayShowEndpointNative\HolidayShowEndpointNativeLinux.vcxproj", "{74601C69-89F2-464E-B6FE-DBE41EDE3E41}"
	ProjectSection(ProjectDependencies) = postProject
		{C43116AE-CDDE-4DD4-8E4F-AC2FFEE71C2C} = {C43116AE-CDDE-4DD4-8E4F-AC2FFEE71C2C}
		{58DEF5BE-9AB4-4417-8DF9-7A1EA06A7932} = {58DEF5BE-9AB4-4417-8DF9-7A1EA06A7932}
	EndProjectSection
EndProject
Project("{2150E333-8FDC-42A3-9474-1A3956D46DE8}") = "Solution Items", "Solution Items", "{EE1ED382-B643-4450-B072-E6D323FC5C9C}"
	ProjectSection(SolutionItems) = preProject
		Performance1.psess = Performance1.psess
	EndProjectSection
EndProject
Project("{8BC9CEB8-8B4A-11D0-8D11-00A0C91BC942}") = "libexecstream", "libexecstream\libexecstream.vcxproj", "{ECC9C749-BBC2-4324-B045-11FE7BBCCB20}"
EndProject
Global
	GlobalSection(SolutionConfigurationPlatforms) = preSolution
		Debug|Mixed Platforms = Debug|Mixed Platforms
		Debug|Win32 = Debug|Win32
		Release|Mixed Platforms = Release|Mixed Platforms
		Release|Win32 = Release|Win32
	EndGlobalSection
	GlobalSection(ProjectConfigurationPlatforms) = postSolution
		{9E26D44B-5773-438D-A095-B88F776500F5}.Debug|Mixed Platforms.ActiveCfg = Debug|Any CPU
		{9E26D44B-5773-438D-A095-B88F776500F5}.Debug|Mixed Platforms.Build.0 = Debug|Any CPU
		{9E26D44B-5773-438D-A095-B88F776500F5}.Debug|Win32.ActiveCfg = Debug|Any CPU
		{9E26D44B-5773-438D-A095-B88F776500F5}.Release|Mixed Platforms.ActiveCfg = Release|Any CPU
		{9E26D44B-5773-438D-A095-B88F776500F5}.Release|Mixed Platforms.Build.0 = Release|Any CPU
		{9E26D44B-5773-438D-A095-B88F776500F5}.Release|Win32.ActiveCfg = Release|Any CPU
		{7ACCDD27-9262-4735-88C1-E0FDC0AC86BC}.Debug|Mixed Platforms.ActiveCfg = Debug|Any CPU
		{7ACCDD27-9262-4735-88C1-E0FDC0AC86BC}.Debug|Mixed Platforms.Build.0 = Debug|Any CPU
		{7ACCDD27-9262-4735-88C1-E0FDC0AC86BC}.Debug|Win32.ActiveCfg = Debug|Any CPU
		{7ACCDD27-9262-4735-88C1-E0FDC0AC86BC}.Release|Mixed Platforms.ActiveCfg = Release|Any CPU
		{7ACCDD27-9262-4735-88C1-E0FDC0AC86BC}.Release|Mixed Platforms.Build.0 = Release|Any CPU
		{7ACCDD27-9262-4735-88C1-E0FDC0AC86BC}.Release|Win32.ActiveCfg = Release|Any CPU
		{2415E652-7D23-4CD0-AAD0-42B3C98A5CF4}.Debug|Mixed Platforms.ActiveCfg = Debug|Any CPU
		{2415E652-7D23-4CD0-AAD0-42B3C98A5CF4}.Debug|Mixed Platforms.Build.0 = Debug|Any CPU
		{2415E652-7D23-4CD0-AAD0-42B3C98A5CF4}.Debug|Win32.ActiveCfg = Debug|Any CPU
		{2415E652-7D23-4CD0-AAD0-42B3C98A5CF4}.Release|Mixed Platforms.ActiveCfg = Release|Any CPU
		{2415E652-7D23-4CD0-AAD0-42B3C98A5CF4}.Release|Mixed Platforms.Build.0 = Release|Any CPU
		{2415E652-7D23-4CD0-AAD0-42B3C98A5CF4}.Release|Win32.ActiveCfg = Release|Any CPU
		{4AA0240A-DE5B-4E92-91B7-C9A74251627E}.Debug|Mixed Platforms.ActiveCfg = Debug|Any CPU
		{4AA0240A-DE5B-4E92-91B7-C9A74251627E}.Debug|Mixed Platforms.Build.0 = Debug|Any CPU
		{4AA0240A-DE5B-4E92-91B7-C9A74251627E}.Debug|Win32.ActiveCfg = Debug|Any CPU
		{4AA0240A-DE5B-4E92-91B7-C9A74251627E}.Release|Mixed Platforms.ActiveCfg = Release|Any CPU
		{4AA0240A-DE5B-4E92-91B7-C9A74251627E}.Release|Mixed Platforms.Build.0 = Release|Any CPU
		{4AA0240A-DE5B-4E92-91B7-C9A74251627E}.Release|Win32.ActiveCfg = Release|Any CPU
		{3317302D-A243-4B17-91FB-FC6EA444F1A1}.Debug|Mixed Platforms.ActiveCfg = Debug|Any CPU
		{3317302D-A243-4B17-91FB-FC6EA444F1A1}.Debug|Mixed Platforms.Build.0 = Debug|Any CPU
		{3317302D-A243-4B17-91FB-FC6EA444F1A1}.Debug|Win32.ActiveCfg = Debug|Any CPU
		{3317302D-A243-4B17-91FB-FC6EA444F1A1}.Release|Mixed Platforms.ActiveCfg = Release|Any CPU
		{3317302D-A243-4B17-91FB-FC6EA444F1A1}.Release|Mixed Platforms.Build.0 = Release|Any CPU
		{3317302D-A243-4B17-91FB-FC6EA444F1A1}.Release|Win32.ActiveCfg = Release|Any CPU
		{CDABF6A3-1634-4CEC-B5F9-178B0DD0826E}.Debug|Mixed Platforms.ActiveCfg = Debug|Win32
		{CDABF6A3-1634-4CEC-B5F9-178B0DD0826E}.Debug|Mixed Platforms.Build.0 = Debug|Win32
		{CDABF6A3-1634-4CEC-B5F9-178B0DD0826E}.Debug|Win32.ActiveCfg = Debug|Win32
		{CDABF6A3-1634-4CEC-B5F9-178B0DD0826E}.Debug|Win32.Build.0 = Debug|Win32
		{CDABF6A3-1634-4CEC-B5F9-178B0DD0826E}.Release|Mixed Platforms.ActiveCfg = Release|Win32
		{CDABF6A3-1634-4CEC-B5F9-178B0DD0826E}.Release|Mixed Platforms.Build.0 = Release|Win32
		{CDABF6A3-1634-4CEC-B5F9-178B0DD0826E}.Release|Win32.ActiveCfg = Release|Win32
		{CDABF6A3-1634-4CEC-B5F9-178B0DD0826E}.Release|Win32.Build.0 = Release|Win32
		{96E4FA21-E710-46A1-8BBA-559B83547462}.Debug|Mixed Platforms.ActiveCfg = Debug|Win32
		{96E4FA21-E710-46A1-8BBA-559B83547462}.Debug|Mixed Platforms.Build.0 = Debug|Win32
		{96E4FA21-E710-46A1-8BBA-559B83547462}.Debug|Win32.ActiveCfg = Debug|Win32
		{96E4FA21-E710-46A1-8BBA-559B83547462}.Debug|Win32.Build.0 = Debug|Win32
		{96E4FA21-E710-46A1-8BBA-559B83547462}.Release|Mixed Platforms.ActiveCfg = Release|Win32
		{96E4FA21-E710-46A1-8BBA-559B83547462}.Release|Mixed Platforms.Build.0 = Release|Win32
		{96E4FA21-E710-46A1-8BBA-559B83547462}.Release|Win32.ActiveCfg = Release|Win32
		{96E4FA21-E710-46A1-8BBA-559B83547462}.Release|Win32.Build.0 = Release|Win32
		{31A590DF-BADD-4F1D-8B6C-B90CAFFA74DD}.Debug|Mixed Platforms.ActiveCfg = Debug|Win32
		{31A590DF-BADD-4F1D-8B6C-B90CAFFA74DD}.Debug|Mixed Platforms.Build.0 = Debug|Win32
		{31A590DF-BADD-4F1D-8B6C-B90CAFFA74DD}.Debug|Win32.ActiveCfg = Debug|Win32
		{31A590DF-BADD-4F1D-8B6C-B90CAFFA74DD}.Debug|Win32.Build.0 = Debug|Win32
		{31A590DF-BADD-4F1D-8B6C-B90CAFFA74DD}.Release|Mixed Platforms.ActiveCfg = Release|Win32
		{31A590DF-BADD-4F1D-8B6C-B90CAFFA74DD}.Release|Mixed Platforms.Build.0 = Release|Win32
		{31A590DF-BADD-4F1D-8B6C-B90CAFFA74DD}.Release|Win32.ActiveCfg = Release|Win32
		{31A590DF-BADD-4F1D-8B6C-B90CAFFA74DD}.Release|Win32.Build.0 = Release|Win32
		{C43116AE-CDDE-4DD4-8E4F-AC2FFEE71C2C}.Debug|Mixed Platforms.ActiveCfg = Debug|Win32
		{C43116AE-CDDE-4DD4-8E4F-AC2FFEE71C2C}.Debug|Mixed Platforms.Build.0 = Debug|Win32
		{C43116AE-CDDE-4DD4-8E4F-AC2FFEE71C2C}.Debug|Win32.ActiveCfg = Debug|Win32
		{C43116AE-CDDE-4DD4-8E4F-AC2FFEE71C2C}.Debug|Win32.Build.0 = Debug|Win32
		{C43116AE-CDDE-4DD4-8E4F-AC2FFEE71C2C}.Release|Mixed Platforms.ActiveCfg = Release|Win32
		{C43116AE-CDDE-4DD4-8E4F-AC2FFEE71C2C}.Release|Mixed Platforms.Build.0 = Release|Win32
		{C43116AE-CDDE-4DD4-8E4F-AC2FFEE71C2C}.Release|Win32.ActiveCfg = Release|Win32
		{C43116AE-CDDE-4DD4-8E4F-AC2FFEE71C2C}.Release|Win32.Build.0 = Release|Win32
		{58DEF5BE-9AB4-4417-8DF9-7A1EA06A7932}.Debug|Mixed Platforms.ActiveCfg = Debug|Win32
		{58DEF5BE-9AB4-4417-8DF9-7A1EA06A7932}.Debug|Mixed Platforms.Build.0 = Debug|Win32
		{58DEF5BE-9AB4-4417-8DF9-7A1EA06A7932}.Debug|Win32.ActiveCfg = Debug|Win32
		{58DEF5BE-9AB4-4417-8DF9-7A1EA06A7932}.Debug|Win32.Build.0 = Debug|Win32
		{58DEF5BE-9AB4-4417-8DF9-7A1EA06A7932}.Release|Mixed Platforms.ActiveCfg = Release|Win32
		{58DEF5BE-9AB4-4417-8DF9-7A1EA06A7932}.Release|Mixed Platforms.Build.0 = Release|Win32
		{58DEF5BE-9AB4-4417-8DF9-7A1EA06A7932}.Release|Win32.ActiveCfg = Release|Win32
		{58DEF5BE-9AB4-4417-8DF9-7A1EA06A7932}.Release|Win32.Build.0 = Release|Win32
		{74601C69-89F2-464E-B6FE-DBE41EDE3E41}.Debug|Mixed Platforms.ActiveCfg = Debug|Win32
		{74601C69-89F2-464E-B6FE-DBE41EDE3E41}.Debug|Mixed Platforms.Build.0 = Debug|Win32
		{74601C69-89F2-464E-B6FE-DBE41EDE3E41}.Debug|Win32.ActiveCfg = Debug|Win32
		{74601C69-89F2-464E-B6FE-DBE41EDE3E41}.Debug|Win32.Build.0 = Debug|Win32
		{74601C69-89F2-464E-B6FE-DBE41EDE3E41}.Release|Mixed Platforms.ActiveCfg = Release|Win32
		{74601C69-89F2-464E-B6FE-DBE41EDE3E41}.Release|Mixed Platforms.Build.0 = Release|Win32
		{74601C69-89F2-464E-B6FE-DBE41EDE3E41}.Release|Win32.ActiveCfg = Release|Win32
		{74601C69-89F2-464E-B6FE-DBE41EDE3E41}.Release|Win32.Build.0 = Release|Win32
		{ECC9C749-BBC2-4324-B045-11FE7BBCCB20}.Debug|Mixed Platforms.ActiveCfg = Debug|Win32
		{ECC9C749-BBC2-4324-B045-11FE7BBCCB20}.Debug|Mixed Platforms.Build.0 = Debug|Win32
		{ECC9C749-BBC2-4324-B045-11FE7BBCCB20}.Debug|Win32.ActiveCfg = Debug|Win32
		{ECC9C749-BBC2-4324-B045-11FE7BBCCB20}.Debug|Win32.Build.0 = Debug|Win32
		{ECC9C749-BBC2-4324-B045-11FE7BBCCB20}.Release|Mixed Platforms.ActiveCfg = Release|Win32
		{ECC9C749-BBC2-4324-B045-11FE7BBCCB20}.Release|Mixed Platforms.Build.0 = Release|Win32
		{ECC9C749-BBC2-4324-B045-11FE7BBCCB20}.Release|Win32.ActiveCfg = Release|Win32
		{ECC9C749-BBC2-4324-B045-11FE7BBCCB20}.Release|Win32.Build.0 = Release|Win32
	EndGlobalSection
	GlobalSection(SolutionProperties) = preSolution
		HideSolutionNode = FALSE
	EndGlobalSection
	GlobalSection(Performance) = preSolution
		HasPerformanceSessions = true
	EndGlobalSection
EndGlobal
