
Microsoft Visual Studio Solution File, Format Version 12.00
# Visual Studio 2013
VisualStudioVersion = 12.0.31101.0
MinimumVisualStudioVersion = 10.0.40219.1
Project("{FAE04EC0-301F-11D3-BF4B-00C04F79EFBC}") = "HolidayShow.Data", "HolidayShow.Data\HolidayShow.Data.csproj", "{9E26D44B-5773-438D-A095-B88F776500F5}"
EndProject
Project("{FAE04EC0-301F-11D3-BF4B-00C04F79EFBC}") = "HolidayShowEndpoint", "HolidayShowEndpoint\HolidayShowEndpoint.csproj", "{7ACCDD27-9262-4735-88C1-E0FDC0AC86BC}"
EndProject
Project("{FAE04EC0-301F-11D3-BF4B-00C04F79EFBC}") = "HolidayShowServer", "HolidayShowServer\HolidayShowServer.csproj", "{2415E652-7D23-4CD0-AAD0-42B3C98A5CF4}"
EndProject
Project("{FAE04EC0-301F-11D3-BF4B-00C04F79EFBC}") = "HolidayShowLib", "HolidayShowLib\HolidayShowLib.csproj", "{4AA0240A-DE5B-4E92-91B7-C9A74251627E}"
EndProject
Project("{FAE04EC0-301F-11D3-BF4B-00C04F79EFBC}") = "HolidayShowEditor", "HolidayShowEditor\HolidayShowEditor.csproj", "{3317302D-A243-4B17-91FB-FC6EA444F1A1}"
EndProject
Project("{8BC9CEB8-8B4A-11D0-8D11-00A0C91BC942}") = "HolidayShowEndpointNative", "HolidayShowEndpointNative\HolidayShowEndpointNative.vcxproj", "{CDABF6A3-1634-4CEC-B5F9-178B0DD0826E}"
EndProject
Project("{8BC9CEB8-8B4A-11D0-8D11-00A0C91BC942}") = "HolidayShowLibNative", "HolidayShowLibNative\HolidayShowLibNative.vcxproj", "{96E4FA21-E710-46A1-8BBA-559B83547462}"
EndProject
Global
	GlobalSection(SolutionConfigurationPlatforms) = preSolution
		Debug|Any CPU = Debug|Any CPU
		Debug|Mixed Platforms = Debug|Mixed Platforms
		Debug|Win32 = Debug|Win32
		Release|Any CPU = Release|Any CPU
		Release|Mixed Platforms = Release|Mixed Platforms
		Release|Win32 = Release|Win32
	EndGlobalSection
	GlobalSection(ProjectConfigurationPlatforms) = postSolution
		{9E26D44B-5773-438D-A095-B88F776500F5}.Debug|Any CPU.ActiveCfg = Debug|Any CPU
		{9E26D44B-5773-438D-A095-B88F776500F5}.Debug|Any CPU.Build.0 = Debug|Any CPU
		{9E26D44B-5773-438D-A095-B88F776500F5}.Debug|Mixed Platforms.ActiveCfg = Debug|Any CPU
		{9E26D44B-5773-438D-A095-B88F776500F5}.Debug|Mixed Platforms.Build.0 = Debug|Any CPU
		{9E26D44B-5773-438D-A095-B88F776500F5}.Debug|Win32.ActiveCfg = Debug|Any CPU
		{9E26D44B-5773-438D-A095-B88F776500F5}.Release|Any CPU.ActiveCfg = Release|Any CPU
		{9E26D44B-5773-438D-A095-B88F776500F5}.Release|Any CPU.Build.0 = Release|Any CPU
		{9E26D44B-5773-438D-A095-B88F776500F5}.Release|Mixed Platforms.ActiveCfg = Release|Any CPU
		{9E26D44B-5773-438D-A095-B88F776500F5}.Release|Mixed Platforms.Build.0 = Release|Any CPU
		{9E26D44B-5773-438D-A095-B88F776500F5}.Release|Win32.ActiveCfg = Release|Any CPU
		{7ACCDD27-9262-4735-88C1-E0FDC0AC86BC}.Debug|Any CPU.ActiveCfg = Debug|Any CPU
		{7ACCDD27-9262-4735-88C1-E0FDC0AC86BC}.Debug|Any CPU.Build.0 = Debug|Any CPU
		{7ACCDD27-9262-4735-88C1-E0FDC0AC86BC}.Debug|Mixed Platforms.ActiveCfg = Debug|Any CPU
		{7ACCDD27-9262-4735-88C1-E0FDC0AC86BC}.Debug|Mixed Platforms.Build.0 = Debug|Any CPU
		{7ACCDD27-9262-4735-88C1-E0FDC0AC86BC}.Debug|Win32.ActiveCfg = Debug|Any CPU
		{7ACCDD27-9262-4735-88C1-E0FDC0AC86BC}.Release|Any CPU.ActiveCfg = Release|Any CPU
		{7ACCDD27-9262-4735-88C1-E0FDC0AC86BC}.Release|Any CPU.Build.0 = Release|Any CPU
		{7ACCDD27-9262-4735-88C1-E0FDC0AC86BC}.Release|Mixed Platforms.ActiveCfg = Release|Any CPU
		{7ACCDD27-9262-4735-88C1-E0FDC0AC86BC}.Release|Mixed Platforms.Build.0 = Release|Any CPU
		{7ACCDD27-9262-4735-88C1-E0FDC0AC86BC}.Release|Win32.ActiveCfg = Release|Any CPU
		{2415E652-7D23-4CD0-AAD0-42B3C98A5CF4}.Debug|Any CPU.ActiveCfg = Debug|Any CPU
		{2415E652-7D23-4CD0-AAD0-42B3C98A5CF4}.Debug|Any CPU.Build.0 = Debug|Any CPU
		{2415E652-7D23-4CD0-AAD0-42B3C98A5CF4}.Debug|Mixed Platforms.ActiveCfg = Debug|Any CPU
		{2415E652-7D23-4CD0-AAD0-42B3C98A5CF4}.Debug|Mixed Platforms.Build.0 = Debug|Any CPU
		{2415E652-7D23-4CD0-AAD0-42B3C98A5CF4}.Debug|Win32.ActiveCfg = Debug|Any CPU
		{2415E652-7D23-4CD0-AAD0-42B3C98A5CF4}.Release|Any CPU.ActiveCfg = Release|Any CPU
		{2415E652-7D23-4CD0-AAD0-42B3C98A5CF4}.Release|Any CPU.Build.0 = Release|Any CPU
		{2415E652-7D23-4CD0-AAD0-42B3C98A5CF4}.Release|Mixed Platforms.ActiveCfg = Release|Any CPU
		{2415E652-7D23-4CD0-AAD0-42B3C98A5CF4}.Release|Mixed Platforms.Build.0 = Release|Any CPU
		{2415E652-7D23-4CD0-AAD0-42B3C98A5CF4}.Release|Win32.ActiveCfg = Release|Any CPU
		{4AA0240A-DE5B-4E92-91B7-C9A74251627E}.Debug|Any CPU.ActiveCfg = Debug|Any CPU
		{4AA0240A-DE5B-4E92-91B7-C9A74251627E}.Debug|Any CPU.Build.0 = Debug|Any CPU
		{4AA0240A-DE5B-4E92-91B7-C9A74251627E}.Debug|Mixed Platforms.ActiveCfg = Debug|Any CPU
		{4AA0240A-DE5B-4E92-91B7-C9A74251627E}.Debug|Mixed Platforms.Build.0 = Debug|Any CPU
		{4AA0240A-DE5B-4E92-91B7-C9A74251627E}.Debug|Win32.ActiveCfg = Debug|Any CPU
		{4AA0240A-DE5B-4E92-91B7-C9A74251627E}.Release|Any CPU.ActiveCfg = Release|Any CPU
		{4AA0240A-DE5B-4E92-91B7-C9A74251627E}.Release|Any CPU.Build.0 = Release|Any CPU
		{4AA0240A-DE5B-4E92-91B7-C9A74251627E}.Release|Mixed Platforms.ActiveCfg = Release|Any CPU
		{4AA0240A-DE5B-4E92-91B7-C9A74251627E}.Release|Mixed Platforms.Build.0 = Release|Any CPU
		{4AA0240A-DE5B-4E92-91B7-C9A74251627E}.Release|Win32.ActiveCfg = Release|Any CPU
		{3317302D-A243-4B17-91FB-FC6EA444F1A1}.Debug|Any CPU.ActiveCfg = Debug|Any CPU
		{3317302D-A243-4B17-91FB-FC6EA444F1A1}.Debug|Any CPU.Build.0 = Debug|Any CPU
		{3317302D-A243-4B17-91FB-FC6EA444F1A1}.Debug|Mixed Platforms.ActiveCfg = Debug|Any CPU
		{3317302D-A243-4B17-91FB-FC6EA444F1A1}.Debug|Mixed Platforms.Build.0 = Debug|Any CPU
		{3317302D-A243-4B17-91FB-FC6EA444F1A1}.Debug|Win32.ActiveCfg = Debug|Any CPU
		{3317302D-A243-4B17-91FB-FC6EA444F1A1}.Release|Any CPU.ActiveCfg = Release|Any CPU
		{3317302D-A243-4B17-91FB-FC6EA444F1A1}.Release|Any CPU.Build.0 = Release|Any CPU
		{3317302D-A243-4B17-91FB-FC6EA444F1A1}.Release|Mixed Platforms.ActiveCfg = Release|Any CPU
		{3317302D-A243-4B17-91FB-FC6EA444F1A1}.Release|Mixed Platforms.Build.0 = Release|Any CPU
		{3317302D-A243-4B17-91FB-FC6EA444F1A1}.Release|Win32.ActiveCfg = Release|Any CPU
		{CDABF6A3-1634-4CEC-B5F9-178B0DD0826E}.Debug|Any CPU.ActiveCfg = Debug|Win32
		{CDABF6A3-1634-4CEC-B5F9-178B0DD0826E}.Debug|Mixed Platforms.ActiveCfg = Debug|Win32
		{CDABF6A3-1634-4CEC-B5F9-178B0DD0826E}.Debug|Mixed Platforms.Build.0 = Debug|Win32
		{CDABF6A3-1634-4CEC-B5F9-178B0DD0826E}.Debug|Win32.ActiveCfg = Debug|Win32
		{CDABF6A3-1634-4CEC-B5F9-178B0DD0826E}.Debug|Win32.Build.0 = Debug|Win32
		{CDABF6A3-1634-4CEC-B5F9-178B0DD0826E}.Release|Any CPU.ActiveCfg = Release|Win32
		{CDABF6A3-1634-4CEC-B5F9-178B0DD0826E}.Release|Mixed Platforms.ActiveCfg = Release|Win32
		{CDABF6A3-1634-4CEC-B5F9-178B0DD0826E}.Release|Mixed Platforms.Build.0 = Release|Win32
		{CDABF6A3-1634-4CEC-B5F9-178B0DD0826E}.Release|Win32.ActiveCfg = Release|Win32
		{CDABF6A3-1634-4CEC-B5F9-178B0DD0826E}.Release|Win32.Build.0 = Release|Win32
		{96E4FA21-E710-46A1-8BBA-559B83547462}.Debug|Any CPU.ActiveCfg = Debug|Win32
		{96E4FA21-E710-46A1-8BBA-559B83547462}.Debug|Mixed Platforms.ActiveCfg = Debug|Win32
		{96E4FA21-E710-46A1-8BBA-559B83547462}.Debug|Mixed Platforms.Build.0 = Debug|Win32
		{96E4FA21-E710-46A1-8BBA-559B83547462}.Debug|Win32.ActiveCfg = Debug|Win32
		{96E4FA21-E710-46A1-8BBA-559B83547462}.Debug|Win32.Build.0 = Debug|Win32
		{96E4FA21-E710-46A1-8BBA-559B83547462}.Release|Any CPU.ActiveCfg = Release|Win32
		{96E4FA21-E710-46A1-8BBA-559B83547462}.Release|Mixed Platforms.ActiveCfg = Release|Win32
		{96E4FA21-E710-46A1-8BBA-559B83547462}.Release|Mixed Platforms.Build.0 = Release|Win32
		{96E4FA21-E710-46A1-8BBA-559B83547462}.Release|Win32.ActiveCfg = Release|Win32
		{96E4FA21-E710-46A1-8BBA-559B83547462}.Release|Win32.Build.0 = Release|Win32
	EndGlobalSection
	GlobalSection(SolutionProperties) = preSolution
		HideSolutionNode = FALSE
	EndGlobalSection
EndGlobal
