<?xml version="1.0" encoding="utf-8"?>
<Project ToolsVersion="4.0" xmlns="http://schemas.microsoft.com/developer/msbuild/2003">
  <ItemGroup>
    <Filter Include="Source Files">
      <UniqueIdentifier>{0ab66874-73cb-4ace-9025-9d11079634d1}</UniqueIdentifier>
      <Extensions>cpp;c;cxx;rc;def;r;odl;idl;hpj;bat</Extensions>
    </Filter>
    <Filter Include="Header Files">
      <UniqueIdentifier>{6a6cefff-9b63-4f21-af77-5fd393bfbc6e}</UniqueIdentifier>
      <Extensions>h;hpp;hxx;hm;inl</Extensions>
    </Filter>
    <Filter Include="Utilities">
      <UniqueIdentifier>{921a22f2-6284-4da2-80ea-0a27a6a3fceb}</UniqueIdentifier>
    </Filter>
    <Filter Include="Internal">
      <UniqueIdentifier>{ff85874b-142a-4057-85f6-ac995f0a6fae}</UniqueIdentifier>
    </Filter>
    <Filter Include="Webserver framework">
      <UniqueIdentifier>{95e1688e-0534-4dfe-addc-fddc271538c4}</UniqueIdentifier>
    </Filter>
    <Filter Include="HTTP Sockets">
      <UniqueIdentifier>{6cdb68a8-0169-4275-8c8c-abc30cc67a4c}</UniqueIdentifier>
    </Filter>
    <Filter Include="File handling">
      <UniqueIdentifier>{55327d8e-56a9-4e7b-aefe-0fe418037321}</UniqueIdentifier>
    </Filter>
    <Filter Include="Asynchronous DNS">
      <UniqueIdentifier>{68b7529d-be7a-4c0b-afef-2212ae1e1b0f}</UniqueIdentifier>
    </Filter>
    <Filter Include="Basic Sockets">
      <UniqueIdentifier>{013078fc-8361-44b4-b2a5-6ff3204af4a0}</UniqueIdentifier>
    </Filter>
    <Filter Include="Log help classes">
      <UniqueIdentifier>{54212601-d31a-4ad7-9605-4ac26403c5f5}</UniqueIdentifier>
    </Filter>
    <Filter Include="Threading">
      <UniqueIdentifier>{96f6820d-ed32-4513-91f4-2c6628749427}</UniqueIdentifier>
    </Filter>
    <Filter Include="Timer Events">
      <UniqueIdentifier>{ab773894-7949-405e-8e2a-a371b8cd427c}</UniqueIdentifier>
    </Filter>
    <Filter Include="SMTP">
      <UniqueIdentifier>{cf872527-c906-4b2f-8e19-25903e3fd578}</UniqueIdentifier>
    </Filter>
    <Filter Include="Xml">
      <UniqueIdentifier>{6f75e68c-dd2f-442a-a5f0-99dd40d60e69}</UniqueIdentifier>
    </Filter>
  </ItemGroup>
  <ItemGroup>
    <ClCompile Include="..\Exception.cpp">
      <Filter>Source Files</Filter>
    </ClCompile>
    <ClCompile Include="..\socket_include.cpp">
      <Filter>Source Files</Filter>
    </ClCompile>
    <ClCompile Include="..\Base64.cpp">
      <Filter>Utilities</Filter>
    </ClCompile>
    <ClCompile Include="..\Debug.cpp">
      <Filter>Utilities</Filter>
    </ClCompile>
    <ClCompile Include="..\Parse.cpp">
      <Filter>Utilities</Filter>
    </ClCompile>
    <ClCompile Include="..\Utility.cpp">
      <Filter>Utilities</Filter>
    </ClCompile>
    <ClCompile Include="..\SSLInitializer.cpp">
      <Filter>Internal</Filter>
    </ClCompile>
    <ClCompile Include="..\Ajp13Socket.cpp">
      <Filter>Webserver framework</Filter>
    </ClCompile>
    <ClCompile Include="..\AjpBaseSocket.cpp">
      <Filter>Webserver framework</Filter>
    </ClCompile>
    <ClCompile Include="..\HttpBaseSocket.cpp">
      <Filter>Webserver framework</Filter>
    </ClCompile>
    <ClCompile Include="..\HttpdCookies.cpp">
      <Filter>Webserver framework</Filter>
    </ClCompile>
    <ClCompile Include="..\Socket.cpp">
      <Filter>Source Files</Filter>
    </ClCompile>
    <ClCompile Include="..\StreamSocket.cpp">
      <Filter>Source Files</Filter>
    </ClCompile>
    <ClCompile Include="..\TcpSocket.cpp">
      <Filter>Source Files</Filter>
    </ClCompile>
    <ClCompile Include="..\Event.cpp">
      <Filter>Source Files</Filter>
    </ClCompile>
    <ClCompile Include="..\EventHandler.cpp">
      <Filter>Source Files</Filter>
    </ClCompile>
    <ClCompile Include="..\EventTime.cpp">
      <Filter>Source Files</Filter>
    </ClCompile>
    <ClCompile Include="..\File.cpp">
      <Filter>Source Files</Filter>
    </ClCompile>
    <ClCompile Include="..\FileStream.cpp">
      <Filter>Source Files</Filter>
    </ClCompile>
    <ClCompile Include="..\HttpClientSocket.cpp">
      <Filter>Source Files</Filter>
    </ClCompile>
    <ClCompile Include="..\HttpDebugSocket.cpp">
      <Filter>Source Files</Filter>
    </ClCompile>
    <ClCompile Include="..\HttpdForm.cpp">
      <Filter>Source Files</Filter>
    </ClCompile>
    <ClCompile Include="..\HttpdSocket.cpp">
      <Filter>Source Files</Filter>
    </ClCompile>
    <ClCompile Include="..\HttpGetSocket.cpp">
      <Filter>Source Files</Filter>
    </ClCompile>
    <ClCompile Include="..\HttpPostSocket.cpp">
      <Filter>Source Files</Filter>
    </ClCompile>
    <ClCompile Include="..\HttpPutSocket.cpp">
      <Filter>Source Files</Filter>
    </ClCompile>
    <ClCompile Include="..\HttpRequest.cpp">
      <Filter>Source Files</Filter>
    </ClCompile>
    <ClCompile Include="..\HttpResponse.cpp">
      <Filter>Source Files</Filter>
    </ClCompile>
    <ClCompile Include="..\HTTPSocket.cpp">
      <Filter>Source Files</Filter>
    </ClCompile>
    <ClCompile Include="..\HttpTransaction.cpp">
      <Filter>Source Files</Filter>
    </ClCompile>
    <ClCompile Include="..\IEventOwner.cpp">
      <Filter>Source Files</Filter>
    </ClCompile>
    <ClCompile Include="..\Ipv4Address.cpp">
      <Filter>Source Files</Filter>
    </ClCompile>
    <ClCompile Include="..\Ipv6Address.cpp">
      <Filter>Source Files</Filter>
    </ClCompile>
    <ClCompile Include="..\Json.cpp">
      <Filter>Source Files</Filter>
    </ClCompile>
    <ClCompile Include="..\Lock.cpp">
      <Filter>Source Files</Filter>
    </ClCompile>
    <ClCompile Include="..\MemFile.cpp">
      <Filter>Source Files</Filter>
    </ClCompile>
    <ClCompile Include="..\Mutex.cpp">
      <Filter>Source Files</Filter>
    </ClCompile>
    <ClCompile Include="..\ResolvServer.cpp">
      <Filter>Source Files</Filter>
    </ClCompile>
    <ClCompile Include="..\ResolvSocket.cpp">
      <Filter>Source Files</Filter>
    </ClCompile>
    <ClCompile Include="..\SctpSocket.cpp">
      <Filter>Source Files</Filter>
    </ClCompile>
    <ClCompile Include="..\SmtpdSocket.cpp">
      <Filter>Source Files</Filter>
    </ClCompile>
    <ClCompile Include="..\SocketHandler.cpp">
      <Filter>Source Files</Filter>
    </ClCompile>
    <ClCompile Include="..\SocketHandlerEp.cpp">
      <Filter>Source Files</Filter>
    </ClCompile>
    <ClCompile Include="..\SocketHandlerThread.cpp">
      <Filter>Source Files</Filter>
    </ClCompile>
    <ClCompile Include="..\SocketStream.cpp">
      <Filter>Source Files</Filter>
    </ClCompile>
    <ClCompile Include="..\SocketThread.cpp">
      <Filter>Source Files</Filter>
    </ClCompile>
    <ClCompile Include="..\StdoutLog.cpp">
      <Filter>Source Files</Filter>
    </ClCompile>
    <ClCompile Include="..\StreamWriter.cpp">
      <Filter>Source Files</Filter>
    </ClCompile>
    <ClCompile Include="..\Thread.cpp">
      <Filter>Source Files</Filter>
    </ClCompile>
    <ClCompile Include="..\UdpSocket.cpp">
      <Filter>Source Files</Filter>
    </ClCompile>
    <ClCompile Include="..\Semaphore.cpp">
      <Filter>Source Files</Filter>
    </ClCompile>
  </ItemGroup>
  <ItemGroup>
    <ClInclude Include="..\Exception.h">
      <Filter>Header Files</Filter>
    </ClInclude>
    <ClInclude Include="..\socket_include.h">
      <Filter>Header Files</Filter>
    </ClInclude>
    <ClInclude Include="..\sockets-config.h">
      <Filter>Header Files</Filter>
    </ClInclude>
    <ClInclude Include="..\Base64.h">
      <Filter>Utilities</Filter>
    </ClInclude>
    <ClInclude Include="..\Debug.h">
      <Filter>Utilities</Filter>
    </ClInclude>
    <ClInclude Include="..\Parse.h">
      <Filter>Utilities</Filter>
    </ClInclude>
    <ClInclude Include="..\Utility.h">
      <Filter>Utilities</Filter>
    </ClInclude>
    <ClInclude Include="..\SSLInitializer.h">
      <Filter>Internal</Filter>
    </ClInclude>
    <ClInclude Include="..\ajp13.h">
      <Filter>Webserver framework</Filter>
    </ClInclude>
    <ClInclude Include="..\Ajp13Socket.h">
      <Filter>Webserver framework</Filter>
    </ClInclude>
    <ClInclude Include="..\AjpBaseSocket.h">
      <Filter>Webserver framework</Filter>
    </ClInclude>
    <ClInclude Include="..\HttpBaseSocket.h">
      <Filter>Webserver framework</Filter>
    </ClInclude>
    <ClInclude Include="..\HttpdCookies.h">
      <Filter>Webserver framework</Filter>
    </ClInclude>
    <ClInclude Include="..\Semaphore.hh" />
  </ItemGroup>
</Project>