<?xml version="1.0" encoding="utf-8"?>
<Project ToolsVersion="4.0" xmlns="http://schemas.microsoft.com/developer/msbuild/2003">
  <ItemGroup>
    <Filter Include="Source files">
      <UniqueIdentifier>{5b1dd2f6-f6ad-4277-b316-d238f97d74b2}</UniqueIdentifier>
      <Extensions>cpp;c;cc;cxx;def;odl;idl;hpj;bat;asm;asmx</Extensions>
    </Filter>
    <Filter Include="Header files">
      <UniqueIdentifier>{16c39c9e-a686-4e60-9300-2700084213a4}</UniqueIdentifier>
      <Extensions>h;hpp;hxx;hm;inl;inc;xsd</Extensions>
    </Filter>
    <Filter Include="Resource files">
      <UniqueIdentifier>{5c5ced80-ce7b-491a-92df-d307430ad4a8}</UniqueIdentifier>
      <Extensions>rc;ico;cur;bmp;dlg;rc2;rct;bin;rgs;gif;jpg;jpeg;jpe;resx;tiff;tif;png;wav</Extensions>
    </Filter>
    <Filter Include="Make files">
      <UniqueIdentifier>{3d890c33-1a85-4fd3-b740-480bd8f4271f}</UniqueIdentifier>
      <Extensions>*.mak</Extensions>
    </Filter>
  </ItemGroup>
  <ItemGroup>
    <None Include="Makefile" />
    <None Include="debug.mak">
      <Filter>Make files</Filter>
    </None>
    <None Include="release.mak">
      <Filter>Make files</Filter>
    </None>
  </ItemGroup>
  <ItemGroup>
    <ClInclude Include="Base64.h">
      <Filter>Header files</Filter>
    </ClInclude>
    <ClInclude Include="Debug.h">
      <Filter>Header files</Filter>
    </ClInclude>
    <ClInclude Include="Event.h">
      <Filter>Header files</Filter>
    </ClInclude>
    <ClInclude Include="EventHandler.h">
      <Filter>Header files</Filter>
    </ClInclude>
    <ClInclude Include="EventTime.h">
      <Filter>Header files</Filter>
    </ClInclude>
    <ClInclude Include="Exception.h">
      <Filter>Header files</Filter>
    </ClInclude>
    <ClInclude Include="File.h">
      <Filter>Header files</Filter>
    </ClInclude>
    <ClInclude Include="FileStream.h">
      <Filter>Header files</Filter>
    </ClInclude>
    <ClInclude Include="HttpTransaction.h">
      <Filter>Header files</Filter>
    </ClInclude>
    <ClInclude Include="IBase.h">
      <Filter>Header files</Filter>
    </ClInclude>
    <ClInclude Include="IEventHandler.h">
      <Filter>Header files</Filter>
    </ClInclude>
    <ClInclude Include="IEventOwner.h">
      <Filter>Header files</Filter>
    </ClInclude>
    <ClInclude Include="IFile.h">
      <Filter>Header files</Filter>
    </ClInclude>
    <ClInclude Include="IFileUpload.h">
      <Filter>Header files</Filter>
    </ClInclude>
    <ClInclude Include="IHttpServer.h">
      <Filter>Header files</Filter>
    </ClInclude>
    <ClInclude Include="IModel.h">
      <Filter>Header files</Filter>
    </ClInclude>
    <ClInclude Include="IMutex.h">
      <Filter>Header files</Filter>
    </ClInclude>
    <ClInclude Include="Ipv4Address.h">
      <Filter>Header files</Filter>
    </ClInclude>
    <ClInclude Include="Ipv6Address.h">
      <Filter>Header files</Filter>
    </ClInclude>
    <ClInclude Include="ISocketHandler.h">
      <Filter>Header files</Filter>
    </ClInclude>
    <ClInclude Include="IStream.h">
      <Filter>Header files</Filter>
    </ClInclude>
    <ClInclude Include="Json.h">
      <Filter>Header files</Filter>
    </ClInclude>
    <ClInclude Include="ListenSocket.h">
      <Filter>Header files</Filter>
    </ClInclude>
    <ClInclude Include="Lock.h">
      <Filter>Header files</Filter>
    </ClInclude>
    <ClInclude Include="MemFile.h">
      <Filter>Header files</Filter>
    </ClInclude>
    <ClInclude Include="Mutex.h">
      <Filter>Header files</Filter>
    </ClInclude>
    <ClInclude Include="Parse.h">
      <Filter>Header files</Filter>
    </ClInclude>
    <ClInclude Include="ResolvServer.h">
      <Filter>Header files</Filter>
    </ClInclude>
    <ClInclude Include="ResolvSocket.h">
      <Filter>Header files</Filter>
    </ClInclude>
    <ClInclude Include="SctpSocket.h">
      <Filter>Header files</Filter>
    </ClInclude>
    <ClInclude Include="Semaphore.hh" />
    <ClInclude Include="SmtpdSocket.h">
      <Filter>Header files</Filter>
    </ClInclude>
    <ClInclude Include="Socket.h">
      <Filter>Header files</Filter>
    </ClInclude>
    <ClInclude Include="SocketAddress.h">
      <Filter>Header files</Filter>
    </ClInclude>
    <ClInclude Include="SocketHandler.h">
      <Filter>Header files</Filter>
    </ClInclude>
    <ClInclude Include="SocketHandlerEp.h">
      <Filter>Header files</Filter>
    </ClInclude>
    <ClInclude Include="SocketHandlerThread.h">
      <Filter>Header files</Filter>
    </ClInclude>
    <ClInclude Include="sockets-config.h">
      <Filter>Header files</Filter>
    </ClInclude>
    <ClInclude Include="SocketStream.h">
      <Filter>Header files</Filter>
    </ClInclude>
    <ClInclude Include="SocketThread.h">
      <Filter>Header files</Filter>
    </ClInclude>
    <ClInclude Include="socket_include.h">
      <Filter>Header files</Filter>
    </ClInclude>
    <ClInclude Include="SSLInitializer.h">
      <Filter>Header files</Filter>
    </ClInclude>
    <ClInclude Include="StdLog.h">
      <Filter>Header files</Filter>
    </ClInclude>
    <ClInclude Include="StdoutLog.h">
      <Filter>Header files</Filter>
    </ClInclude>
    <ClInclude Include="StreamSocket.h">
      <Filter>Header files</Filter>
    </ClInclude>
    <ClInclude Include="StreamWriter.h">
      <Filter>Header files</Filter>
    </ClInclude>
    <ClInclude Include="TcpSocket.h">
      <Filter>Header files</Filter>
    </ClInclude>
    <ClInclude Include="Thread.h">
      <Filter>Header files</Filter>
    </ClInclude>
    <ClInclude Include="UdpSocket.h">
      <Filter>Header files</Filter>
    </ClInclude>
    <ClInclude Include="Utility.h">
      <Filter>Header files</Filter>
    </ClInclude>
  </ItemGroup>
  <ItemGroup>
    <ClCompile Include="Base64.cpp">
      <Filter>Source files</Filter>
    </ClCompile>
    <ClCompile Include="Debug.cpp">
      <Filter>Source files</Filter>
    </ClCompile>
    <ClCompile Include="Event.cpp">
      <Filter>Source files</Filter>
    </ClCompile>
    <ClCompile Include="EventHandler.cpp">
      <Filter>Source files</Filter>
    </ClCompile>
    <ClCompile Include="EventTime.cpp">
      <Filter>Source files</Filter>
    </ClCompile>
    <ClCompile Include="Exception.cpp">
      <Filter>Source files</Filter>
    </ClCompile>
    <ClCompile Include="File.cpp">
      <Filter>Source files</Filter>
    </ClCompile>
    <ClCompile Include="FileStream.cpp">
      <Filter>Source files</Filter>
    </ClCompile>
    <ClCompile Include="IEventOwner.cpp">
      <Filter>Source files</Filter>
    </ClCompile>
    <ClCompile Include="Ipv4Address.cpp">
      <Filter>Source files</Filter>
    </ClCompile>
    <ClCompile Include="Ipv6Address.cpp">
      <Filter>Source files</Filter>
    </ClCompile>
    <ClCompile Include="Json.cpp">
      <Filter>Source files</Filter>
    </ClCompile>
    <ClCompile Include="Lock.cpp">
      <Filter>Source files</Filter>
    </ClCompile>
    <ClCompile Include="MemFile.cpp">
      <Filter>Source files</Filter>
    </ClCompile>
    <ClCompile Include="Mutex.cpp">
      <Filter>Source files</Filter>
    </ClCompile>
    <ClCompile Include="Parse.cpp">
      <Filter>Source files</Filter>
    </ClCompile>
    <ClCompile Include="ResolvServer.cpp">
      <Filter>Source files</Filter>
    </ClCompile>
    <ClCompile Include="ResolvSocket.cpp">
      <Filter>Source files</Filter>
    </ClCompile>
    <ClCompile Include="SctpSocket.cpp">
      <Filter>Source files</Filter>
    </ClCompile>
    <ClCompile Include="Semaphore.cpp">
      <Filter>Source files</Filter>
    </ClCompile>
    <ClCompile Include="SmtpdSocket.cpp">
      <Filter>Source files</Filter>
    </ClCompile>
    <ClCompile Include="Socket.cpp">
      <Filter>Source files</Filter>
    </ClCompile>
    <ClCompile Include="SocketHandler.cpp">
      <Filter>Source files</Filter>
    </ClCompile>
    <ClCompile Include="SocketHandlerEp.cpp">
      <Filter>Source files</Filter>
    </ClCompile>
    <ClCompile Include="SocketHandlerThread.cpp">
      <Filter>Source files</Filter>
    </ClCompile>
    <ClCompile Include="SocketStream.cpp">
      <Filter>Source files</Filter>
    </ClCompile>
    <ClCompile Include="SocketThread.cpp">
      <Filter>Source files</Filter>
    </ClCompile>
    <ClCompile Include="socket_include.cpp">
      <Filter>Source files</Filter>
    </ClCompile>
    <ClCompile Include="SSLInitializer.cpp">
      <Filter>Source files</Filter>
    </ClCompile>
    <ClCompile Include="StdoutLog.cpp">
      <Filter>Source files</Filter>
    </ClCompile>
    <ClCompile Include="StreamSocket.cpp">
      <Filter>Source files</Filter>
    </ClCompile>
    <ClCompile Include="StreamWriter.cpp">
      <Filter>Source files</Filter>
    </ClCompile>
    <ClCompile Include="TcpSocket.cpp">
      <Filter>Source files</Filter>
    </ClCompile>
    <ClCompile Include="Thread.cpp">
      <Filter>Source files</Filter>
    </ClCompile>
    <ClCompile Include="UdpSocket.cpp">
      <Filter>Source files</Filter>
    </ClCompile>
    <ClCompile Include="Utility.cpp">
      <Filter>Source files</Filter>
    </ClCompile>
  </ItemGroup>
</Project>